// !$*UTF8*$!
{
	archiveVersion = 1;
	classes = {
	};
	objectVersion = 46;
	objects = {

/* Begin PBXBuildFile section */
		4990C1D71F21D8910061230D /* DPDatabaseUtils.m in Sources */ = {isa = PBXBuildFile; fileRef = 4990C1D61F21D8910061230D /* DPDatabaseUtils.m */; };
		49E591311F20521800130A6F /* main.m in Sources */ = {isa = PBXBuildFile; fileRef = 49E591301F20521800130A6F /* main.m */; };
		49E591341F20521800130A6F /* AppDelegate.m in Sources */ = {isa = PBXBuildFile; fileRef = 49E591331F20521800130A6F /* AppDelegate.m */; };
		49E591371F20521800130A6F /* ViewController.m in Sources */ = {isa = PBXBuildFile; fileRef = 49E591361F20521800130A6F /* ViewController.m */; };
		49E5913A1F20521800130A6F /* Main.storyboard in Resources */ = {isa = PBXBuildFile; fileRef = 49E591381F20521800130A6F /* Main.storyboard */; };
		49E5913C1F20521800130A6F /* Assets.xcassets in Resources */ = {isa = PBXBuildFile; fileRef = 49E5913B1F20521800130A6F /* Assets.xcassets */; };
		49E5913F1F20521800130A6F /* LaunchScreen.storyboard in Resources */ = {isa = PBXBuildFile; fileRef = 49E5913D1F20521800130A6F /* LaunchScreen.storyboard */; };
		49E591521F2052BF00130A6F /* FMDatabase.m in Sources */ = {isa = PBXBuildFile; fileRef = 49E591481F2052BF00130A6F /* FMDatabase.m */; };
		49E591531F2052BF00130A6F /* FMDatabaseAdditions.m in Sources */ = {isa = PBXBuildFile; fileRef = 49E5914A1F2052BF00130A6F /* FMDatabaseAdditions.m */; };
		49E591541F2052BF00130A6F /* FMDatabasePool.m in Sources */ = {isa = PBXBuildFile; fileRef = 49E5914C1F2052BF00130A6F /* FMDatabasePool.m */; };
		49E591551F2052BF00130A6F /* FMDatabaseQueue.m in Sources */ = {isa = PBXBuildFile; fileRef = 49E5914E1F2052BF00130A6F /* FMDatabaseQueue.m */; };
		49E591561F2052BF00130A6F /* FMResultSet.m in Sources */ = {isa = PBXBuildFile; fileRef = 49E591511F2052BF00130A6F /* FMResultSet.m */; };
		49E5915A1F2052D800130A6F /* DPDatabaseManager.m in Sources */ = {isa = PBXBuildFile; fileRef = 49E591591F2052D800130A6F /* DPDatabaseManager.m */; };
		49E5915D1F20530E00130A6F /* DemoModel.m in Sources */ = {isa = PBXBuildFile; fileRef = 49E5915C1F20530E00130A6F /* DemoModel.m */; };
		49E591601F20579000130A6F /* libsqlite3.0.tbd in Frameworks */ = {isa = PBXBuildFile; fileRef = 49E5915F1F20579000130A6F /* libsqlite3.0.tbd */; };
/* End PBXBuildFile section */

/* Begin PBXFileReference section */
		4990C1D51F21D8910061230D /* DPDatabaseUtils.h */ = {isa = PBXFileReference; fileEncoding = 4; lastKnownFileType = sourcecode.c.h; path = DPDatabaseUtils.h; sourceTree = "<group>"; };
		4990C1D61F21D8910061230D /* DPDatabaseUtils.m */ = {isa = PBXFileReference; fileEncoding = 4; lastKnownFileType = sourcecode.c.objc; path = DPDatabaseUtils.m; sourceTree = "<group>"; };
		49E5912C1F20521800130A6F /* DPDatabaseManager.app */ = {isa = PBXFileReference; explicitFileType = wrapper.application; includeInIndex = 0; path = DPDatabaseManager.app; sourceTree = BUILT_PRODUCTS_DIR; };
		49E591301F20521800130A6F /* main.m */ = {isa = PBXFileReference; lastKnownFileType = sourcecode.c.objc; path = main.m; sourceTree = "<group>"; };
		49E591321F20521800130A6F /* AppDelegate.h */ = {isa = PBXFileReference; lastKnownFileType = sourcecode.c.h; path = AppDelegate.h; sourceTree = "<group>"; };
		49E591331F20521800130A6F /* AppDelegate.m */ = {isa = PBXFileReference; lastKnownFileType = sourcecode.c.objc; path = AppDelegate.m; sourceTree = "<group>"; };
		49E591351F20521800130A6F /* ViewController.h */ = {isa = PBXFileReference; lastKnownFileType = sourcecode.c.h; path = ViewController.h; sourceTree = "<group>"; };
		49E591361F20521800130A6F /* ViewController.m */ = {isa = PBXFileReference; lastKnownFileType = sourcecode.c.objc; path = ViewController.m; sourceTree = "<group>"; };
		49E591391F20521800130A6F /* Base */ = {isa = PBXFileReference; lastKnownFileType = file.storyboard; name = Base; path = Base.lproj/Main.storyboard; sourceTree = "<group>"; };
		49E5913B1F20521800130A6F /* Assets.xcassets */ = {isa = PBXFileReference; lastKnownFileType = folder.assetcatalog; path = Assets.xcassets; sourceTree = "<group>"; };
		49E5913E1F20521800130A6F /* Base */ = {isa = PBXFileReference; lastKnownFileType = file.storyboard; name = Base; path = Base.lproj/LaunchScreen.storyboard; sourceTree = "<group>"; };
		49E591401F20521800130A6F /* Info.plist */ = {isa = PBXFileReference; lastKnownFileType = text.plist.xml; path = Info.plist; sourceTree = "<group>"; };
		49E591471F2052BF00130A6F /* FMDatabase.h */ = {isa = PBXFileReference; fileEncoding = 4; lastKnownFileType = sourcecode.c.h; path = FMDatabase.h; sourceTree = "<group>"; };
		49E591481F2052BF00130A6F /* FMDatabase.m */ = {isa = PBXFileReference; fileEncoding = 4; lastKnownFileType = sourcecode.c.objc; path = FMDatabase.m; sourceTree = "<group>"; };
		49E591491F2052BF00130A6F /* FMDatabaseAdditions.h */ = {isa = PBXFileReference; fileEncoding = 4; lastKnownFileType = sourcecode.c.h; path = FMDatabaseAdditions.h; sourceTree = "<group>"; };
		49E5914A1F2052BF00130A6F /* FMDatabaseAdditions.m */ = {isa = PBXFileReference; fileEncoding = 4; lastKnownFileType = sourcecode.c.objc; path = FMDatabaseAdditions.m; sourceTree = "<group>"; };
		49E5914B1F2052BF00130A6F /* FMDatabasePool.h */ = {isa = PBXFileReference; fileEncoding = 4; lastKnownFileType = sourcecode.c.h; path = FMDatabasePool.h; sourceTree = "<group>"; };
		49E5914C1F2052BF00130A6F /* FMDatabasePool.m */ = {isa = PBXFileReference; fileEncoding = 4; lastKnownFileType = sourcecode.c.objc; path = FMDatabasePool.m; sourceTree = "<group>"; };
		49E5914D1F2052BF00130A6F /* FMDatabaseQueue.h */ = {isa = PBXFileReference; fileEncoding = 4; lastKnownFileType = sourcecode.c.h; path = FMDatabaseQueue.h; sourceTree = "<group>"; };
		49E5914E1F2052BF00130A6F /* FMDatabaseQueue.m */ = {isa = PBXFileReference; fileEncoding = 4; lastKnownFileType = sourcecode.c.objc; path = FMDatabaseQueue.m; sourceTree = "<group>"; };
		49E5914F1F2052BF00130A6F /* FMDB.h */ = {isa = PBXFileReference; fileEncoding = 4; lastKnownFileType = sourcecode.c.h; path = FMDB.h; sourceTree = "<group>"; };
		49E591501F2052BF00130A6F /* FMResultSet.h */ = {isa = PBXFileReference; fileEncoding = 4; lastKnownFileType = sourcecode.c.h; path = FMResultSet.h; sourceTree = "<group>"; };
		49E591511F2052BF00130A6F /* FMResultSet.m */ = {isa = PBXFileReference; fileEncoding = 4; lastKnownFileType = sourcecode.c.objc; path = FMResultSet.m; sourceTree = "<group>"; };
		49E591581F2052D800130A6F /* DPDatabaseManager.h */ = {isa = PBXFileReference; fileEncoding = 4; lastKnownFileType = sourcecode.c.h; path = DPDatabaseManager.h; sourceTree = "<group>"; };
		49E591591F2052D800130A6F /* DPDatabaseManager.m */ = {isa = PBXFileReference; fileEncoding = 4; lastKnownFileType = sourcecode.c.objc; path = DPDatabaseManager.m; sourceTree = "<group>"; };
		49E5915B1F20530E00130A6F /* DemoModel.h */ = {isa = PBXFileReference; fileEncoding = 4; lastKnownFileType = sourcecode.c.h; path = DemoModel.h; sourceTree = "<group>"; };
		49E5915C1F20530E00130A6F /* DemoModel.m */ = {isa = PBXFileReference; fileEncoding = 4; lastKnownFileType = sourcecode.c.objc; path = DemoModel.m; sourceTree = "<group>"; };
		49E5915F1F20579000130A6F /* libsqlite3.0.tbd */ = {isa = PBXFileReference; lastKnownFileType = "sourcecode.text-based-dylib-definition"; name = libsqlite3.0.tbd; path = usr/lib/libsqlite3.0.tbd; sourceTree = SDKROOT; };
/* End PBXFileReference section */

/* Begin PBXFrameworksBuildPhase section */
		49E591291F20521800130A6F /* Frameworks */ = {
			isa = PBXFrameworksBuildPhase;
			buildActionMask = 2147483647;
			files = (
				49E591601F20579000130A6F /* libsqlite3.0.tbd in Frameworks */,
			);
			runOnlyForDeploymentPostprocessing = 0;
		};
/* End PBXFrameworksBuildPhase section */

/* Begin PBXGroup section */
		49E591231F20521800130A6F = {
			isa = PBXGroup;
			children = (
				49E5912E1F20521800130A6F /* DPDatabaseManager */,
				49E5912D1F20521800130A6F /* Products */,
				49E5915E1F20578F00130A6F /* Frameworks */,
			);
			sourceTree = "<group>";
		};
		49E5912D1F20521800130A6F /* Products */ = {
			isa = PBXGroup;
			children = (
				49E5912C1F20521800130A6F /* DPDatabaseManager.app */,
			);
			name = Products;
			sourceTree = "<group>";
		};
		49E5912E1F20521800130A6F /* DPDatabaseManager */ = {
			isa = PBXGroup;
			children = (
				49E591571F2052D100130A6F /* DPDatabaseManager */,
				49E591461F2052B400130A6F /* FMDB */,
				49E591321F20521800130A6F /* AppDelegate.h */,
				49E591331F20521800130A6F /* AppDelegate.m */,
				49E591351F20521800130A6F /* ViewController.h */,
				49E591361F20521800130A6F /* ViewController.m */,
				49E5915B1F20530E00130A6F /* DemoModel.h */,
				49E5915C1F20530E00130A6F /* DemoModel.m */,
				49E591381F20521800130A6F /* Main.storyboard */,
				49E5913B1F20521800130A6F /* Assets.xcassets */,
				49E5913D1F20521800130A6F /* LaunchScreen.storyboard */,
				49E591401F20521800130A6F /* Info.plist */,
				49E5912F1F20521800130A6F /* Supporting Files */,
			);
			path = DPDatabaseManager;
			sourceTree = "<group>";
		};
		49E5912F1F20521800130A6F /* Supporting Files */ = {
			isa = PBXGroup;
			children = (
				49E591301F20521800130A6F /* main.m */,
			);
			name = "Supporting Files";
			sourceTree = "<group>";
		};
		49E591461F2052B400130A6F /* FMDB */ = {
			isa = PBXGroup;
			children = (
				49E591471F2052BF00130A6F /* FMDatabase.h */,
				49E591481F2052BF00130A6F /* FMDatabase.m */,
				49E591491F2052BF00130A6F /* FMDatabaseAdditions.h */,
				49E5914A1F2052BF00130A6F /* FMDatabaseAdditions.m */,
				49E5914B1F2052BF00130A6F /* FMDatabasePool.h */,
				49E5914C1F2052BF00130A6F /* FMDatabasePool.m */,
				49E5914D1F2052BF00130A6F /* FMDatabaseQueue.h */,
				49E5914E1F2052BF00130A6F /* FMDatabaseQueue.m */,
				49E5914F1F2052BF00130A6F /* FMDB.h */,
				49E591501F2052BF00130A6F /* FMResultSet.h */,
				49E591511F2052BF00130A6F /* FMResultSet.m */,
			);
			path = FMDB;
			sourceTree = "<group>";
		};
		49E591571F2052D100130A6F /* DPDatabaseManager */ = {
			isa = PBXGroup;
			children = (
				49E591581F2052D800130A6F /* DPDatabaseManager.h */,
				49E591591F2052D800130A6F /* DPDatabaseManager.m */,
				4990C1D51F21D8910061230D /* DPDatabaseUtils.h */,
				4990C1D61F21D8910061230D /* DPDatabaseUtils.m */,
			);
			path = DPDatabaseManager;
			sourceTree = "<group>";
		};
		49E5915E1F20578F00130A6F /* Frameworks */ = {
			isa = PBXGroup;
			children = (
				49E5915F1F20579000130A6F /* libsqlite3.0.tbd */,
			);
			name = Frameworks;
			sourceTree = "<group>";
		};
/* End PBXGroup section */

/* Begin PBXNativeTarget section */
		49E5912B1F20521800130A6F /* DPDatabaseManager */ = {
			isa = PBXNativeTarget;
			buildConfigurationList = 49E591431F20521800130A6F /* Build configuration list for PBXNativeTarget "DPDatabaseManager" */;
			buildPhases = (
				49E591281F20521800130A6F /* Sources */,
				49E591291F20521800130A6F /* Frameworks */,
				49E5912A1F20521800130A6F /* Resources */,
			);
			buildRules = (
			);
			dependencies = (
			);
			name = DPDatabaseManager;
			productName = DPDatabaseManager;
			productReference = 49E5912C1F20521800130A6F /* DPDatabaseManager.app */;
			productType = "com.apple.product-type.application";
		};
/* End PBXNativeTarget section */

/* Begin PBXProject section */
		49E591241F20521800130A6F /* Project object */ = {
			isa = PBXProject;
			attributes = {
				LastUpgradeCheck = 0830;
				ORGANIZATIONNAME = Andrew;
				TargetAttributes = {
					49E5912B1F20521800130A6F = {
						CreatedOnToolsVersion = 8.3.1;
						ProvisioningStyle = Automatic;
					};
				};
			};
			buildConfigurationList = 49E591271F20521800130A6F /* Build configuration list for PBXProject "DPDatabaseManager" */;
			compatibilityVersion = "Xcode 3.2";
			developmentRegion = English;
			hasScannedForEncodings = 0;
			knownRegions = (
				en,
				Base,
			);
			mainGroup = 49E591231F20521800130A6F;
			productRefGroup = 49E5912D1F20521800130A6F /* Products */;
			projectDirPath = "";
			projectRoot = "";
			targets = (
				49E5912B1F20521800130A6F /* DPDatabaseManager */,
			);
		};
/* End PBXProject section */

/* Begin PBXResourcesBuildPhase section */
		49E5912A1F20521800130A6F /* Resources */ = {
			isa = PBXResourcesBuildPhase;
			buildActionMask = 2147483647;
			files = (
				49E5913F1F20521800130A6F /* LaunchScreen.storyboard in Resources */,
				49E5913C1F20521800130A6F /* Assets.xcassets in Resources */,
				49E5913A1F20521800130A6F /* Main.storyboard in Resources */,
			);
			runOnlyForDeploymentPostprocessing = 0;
		};
/* End PBXResourcesBuildPhase section */

/* Begin PBXSourcesBuildPhase section */
		49E591281F20521800130A6F /* Sources */ = {
			isa = PBXSourcesBuildPhase;
			buildActionMask = 2147483647;
			files = (
				49E591371F20521800130A6F /* ViewController.m in Sources */,
				49E591541F2052BF00130A6F /* FMDatabasePool.m in Sources */,
				49E591341F20521800130A6F /* AppDelegate.m in Sources */,
				49E591551F2052BF00130A6F /* FMDatabaseQueue.m in Sources */,
				49E591311F20521800130A6F /* main.m in Sources */,
				4990C1D71F21D8910061230D /* DPDatabaseUtils.m in Sources */,
				49E591521F2052BF00130A6F /* FMDatabase.m in Sources */,
				49E591561F2052BF00130A6F /* FMResultSet.m in Sources */,
				49E591531F2052BF00130A6F /* FMDatabaseAdditions.m in Sources */,
				49E5915D1F20530E00130A6F /* DemoModel.m in Sources */,
				49E5915A1F2052D800130A6F /* DPDatabaseManager.m in Sources */,
			);
			runOnlyForDeploymentPostprocessing = 0;
		};
/* End PBXSourcesBuildPhase section */

/* Begin PBXVariantGroup section */
		49E591381F20521800130A6F /* Main.storyboard */ = {
			isa = PBXVariantGroup;
			children = (
				49E591391F20521800130A6F /* Base */,
			);
			name = Main.storyboard;
			sourceTree = "<group>";
		};
		49E5913D1F20521800130A6F /* LaunchScreen.storyboard */ = {
			isa = PBXVariantGroup;
			children = (
				49E5913E1F20521800130A6F /* Base */,
			);
			name = LaunchScreen.storyboard;
			sourceTree = "<group>";
		};
/* End PBXVariantGroup section */

/* Begin XCBuildConfiguration section */
		49E591411F20521800130A6F /* Debug */ = {
			isa = XCBuildConfiguration;
			buildSettings = {
				ALWAYS_SEARCH_USER_PATHS = NO;
				CLANG_ANALYZER_NONNULL = YES;
				CLANG_ANALYZER_NUMBER_OBJECT_CONVERSION = YES_AGGRESSIVE;
				CLANG_CXX_LANGUAGE_STANDARD = "gnu++0x";
				CLANG_CXX_LIBRARY = "libc++";
				CLANG_ENABLE_MODULES = YES;
				CLANG_ENABLE_OBJC_ARC = YES;
				CLANG_WARN_BOOL_CONVERSION = YES;
				CLANG_WARN_CONSTANT_CONVERSION = YES;
				CLANG_WARN_DIRECT_OBJC_ISA_USAGE = YES_ERROR;
				CLANG_WARN_DOCUMENTATION_COMMENTS = YES;
				CLANG_WARN_EMPTY_BODY = YES;
				CLANG_WARN_ENUM_CONVERSION = YES;
				CLANG_WARN_INFINITE_RECURSION = YES;
				CLANG_WARN_INT_CONVERSION = YES;
				CLANG_WARN_OBJC_ROOT_CLASS = YES_ERROR;
				CLANG_WARN_SUSPICIOUS_MOVE = YES;
				CLANG_WARN_UNREACHABLE_CODE = YES;
				CLANG_WARN__DUPLICATE_METHOD_MATCH = YES;
				"CODE_SIGN_IDENTITY[sdk=iphoneos*]" = "iPhone Developer";
				COPY_PHASE_STRIP = NO;
				DEBUG_INFORMATION_FORMAT = dwarf;
				ENABLE_STRICT_OBJC_MSGSEND = YES;
				ENABLE_TESTABILITY = YES;
				GCC_C_LANGUAGE_STANDARD = gnu99;
				GCC_DYNAMIC_NO_PIC = NO;
				GCC_NO_COMMON_BLOCKS = YES;
				GCC_OPTIMIZATION_LEVEL = 0;
				GCC_PREPROCESSOR_DEFINITIONS = (
					"DEBUG=1",
					"$(inherited)",
				);
				GCC_WARN_64_TO_32_BIT_CONVERSION = YES;
				GCC_WARN_ABOUT_RETURN_TYPE = YES_ERROR;
				GCC_WARN_UNDECLARED_SELECTOR = YES;
				GCC_WARN_UNINITIALIZED_AUTOS = YES_AGGRESSIVE;
				GCC_WARN_UNUSED_FUNCTION = YES;
				GCC_WARN_UNUSED_VARIABLE = YES;
				IPHONEOS_DEPLOYMENT_TARGET = 10.3;
				MTL_ENABLE_DEBUG_INFO = YES;
				ONLY_ACTIVE_ARCH = YES;
				SDKROOT = iphoneos;
			};
			name = Debug;
		};
		49E591421F20521800130A6F /* Release */ = {
			isa = XCBuildConfiguration;
			buildSettings = {
				ALWAYS_SEARCH_USER_PATHS = NO;
				CLANG_ANALYZER_NONNULL = YES;
				CLANG_ANALYZER_NUMBER_OBJECT_CONVERSION = YES_AGGRESSIVE;
				CLANG_CXX_LANGUAGE_STANDARD = "gnu++0x";
				CLANG_CXX_LIBRARY = "libc++";
				CLANG_ENABLE_MODULES = YES;
				CLANG_ENABLE_OBJC_ARC = YES;
				CLANG_WARN_BOOL_CONVERSION = YES;
				CLANG_WARN_CONSTANT_CONVERSION = YES;
				CLANG_WARN_DIRECT_OBJC_ISA_USAGE = YES_ERROR;
				CLANG_WARN_DOCUMENTATION_COMMENTS = YES;
				CLANG_WARN_EMPTY_BODY = YES;
				CLANG_WARN_ENUM_CONVERSION = YES;
				CLANG_WARN_INFINITE_RECURSION = YES;
				CLANG_WARN_INT_CONVERSION = YES;
				CLANG_WARN_OBJC_ROOT_CLASS = YES_ERROR;
				CLANG_WARN_SUSPICIOUS_MOVE = YES;
				CLANG_WARN_UNREACHABLE_CODE = YES;
				CLANG_WARN__DUPLICATE_METHOD_MATCH = YES;
				"CODE_SIGN_IDENTITY[sdk=iphoneos*]" = "iPhone Developer";
				COPY_PHASE_STRIP = NO;
				DEBUG_INFORMATION_FORMAT = "dwarf-with-dsym";
				ENABLE_NS_ASSERTIONS = NO;
				ENABLE_STRICT_OBJC_MSGSEND = YES;
				GCC_C_LANGUAGE_STANDARD = gnu99;
				GCC_NO_COMMON_BLOCKS = YES;
				GCC_WARN_64_TO_32_BIT_CONVERSION = YES;
				GCC_WARN_ABOUT_RETURN_TYPE = YES_ERROR;
				GCC_WARN_UNDECLARED_SELECTOR = YES;
				GCC_WARN_UNINITIALIZED_AUTOS = YES_AGGRESSIVE;
				GCC_WARN_UNUSED_FUNCTION = YES;
				GCC_WARN_UNUSED_VARIABLE = YES;
				IPHONEOS_DEPLOYMENT_TARGET = 10.3;
				MTL_ENABLE_DEBUG_INFO = NO;
				SDKROOT = iphoneos;
				VALIDATE_PRODUCT = YES;
			};
			name = Release;
		};
		49E591441F20521800130A6F /* Debug */ = {
			isa = XCBuildConfiguration;
			buildSettings = {
				ASSETCATALOG_COMPILER_APPICON_NAME = AppIcon;
				INFOPLIST_FILE = DPDatabaseManager/Info.plist;
				LD_RUNPATH_SEARCH_PATHS = "$(inherited) @executable_path/Frameworks";
				PRODUCT_BUNDLE_IDENTIFIER = com.com.com.DPDatabaseManager;
				PRODUCT_NAME = "$(TARGET_NAME)";
			};
			name = Debug;
		};
		49E591451F20521800130A6F /* Release */ = {
			isa = XCBuildConfiguration;
			buildSettings = {
				ASSETCATALOG_COMPILER_APPICON_NAME = AppIcon;
				INFOPLIST_FILE = DPDatabaseManager/Info.plist;
				LD_RUNPATH_SEARCH_PATHS = "$(inherited) @executable_path/Frameworks";
				PRODUCT_BUNDLE_IDENTIFIER = com.com.com.DPDatabaseManager;
				PRODUCT_NAME = "$(TARGET_NAME)";
			};
			name = Release;
		};
/* End XCBuildConfiguration section */

/* Begin XCConfigurationList section */
		49E591271F20521800130A6F /* Build configuration list for PBXProject "DPDatabaseManager" */ = {
			isa = XCConfigurationList;
			buildConfigurations = (
				49E591411F20521800130A6F /* Debug */,
				49E591421F20521800130A6F /* Release */,
			);
			defaultConfigurationIsVisible = 0;
			defaultConfigurationName = Release;
		};
		49E591431F20521800130A6F /* Build configuration list for PBXNativeTarget "DPDatabaseManager" */ = {
			isa = XCConfigurationList;
			buildConfigurations = (
				49E591441F20521800130A6F /* Debug */,
				49E591451F20521800130A6F /* Release */,
			);
			defaultConfigurationIsVisible = 0;
			defaultConfigurationName = Release;
		};
/* End XCConfigurationList section */
	};
	rootObject = 49E591241F20521800130A6F /* Project object */;
}
